
Microsoft Visual Studio Solution File, Format Version 12.00
# Visual Studio Version 17
VisualStudioVersion = 17.9.34622.214
MinimumVisualStudioVersion = 10.0.40219.1
Project("{FAE04EC0-301F-11D3-BF4B-00C04F79EFBC}") = "PMFCalculator", "PMFCalculator\PMFCalculator.csproj", "{DC2AE760-53CB-48C3-AF8B-7A1F9DF137CB}"
EndProject
Global
	GlobalSection(SolutionConfigurationPlatforms) = preSolution
		Debug|Any CPU = Debug|Any CPU
		Release|Any CPU = Release|Any CPU
	EndGlobalSection
	GlobalSection(ProjectConfigurationPlatforms) = postSolution
		{DC2AE760-53CB-48C3-AF8B-7A1F9DF137CB}.Debug|Any CPU.ActiveCfg = Debug|Any CPU
		{DC2AE760-53CB-48C3-AF8B-7A1F9DF137CB}.Debug|Any CPU.Build.0 = Debug|Any CPU
		{DC2AE760-53CB-48C3-AF8B-7A1F9DF137CB}.Release|Any CPU.ActiveCfg = Release|Any CPU
		{DC2AE760-53CB-48C3-AF8B-7A1F9DF137CB}.Release|Any CPU.Build.0 = Release|Any CPU
	EndGlobalSection
	GlobalSection(SolutionProperties) = preSolution
		HideSolutionNode = FALSE
	EndGlobalSection
	GlobalSection(ExtensibilityGlobals) = postSolution
		SolutionGuid = {7198FDF5-701F-4E5D-AA62-47BE1375E22A}
	EndGlobalSection
EndGlobal
